
Microsoft Visual Studio Solution File, Format Version 12.00
# Visual Studio Version 17
VisualStudioVersion = 17.8.34330.188
MinimumVisualStudioVersion = 10.0.40219.1
Project("{FAE04EC0-301F-11D3-BF4B-00C04F79EFBC}") = "ScreenSoudAPI", "ScreenSoudAPI.csproj", "{C5C2093B-4322-49DF-94D4-0A120E988D32}"
EndProject
Global
	GlobalSection(SolutionConfigurationPlatforms) = preSolution
		Debug|Any CPU = Debug|Any CPU
		Release|Any CPU = Release|Any CPU
	EndGlobalSection
	GlobalSection(ProjectConfigurationPlatforms) = postSolution
		{C5C2093B-4322-49DF-94D4-0A120E988D32}.Debug|Any CPU.ActiveCfg = Debug|Any CPU
		{C5C2093B-4322-49DF-94D4-0A120E988D32}.Debug|Any CPU.Build.0 = Debug|Any CPU
		{C5C2093B-4322-49DF-94D4-0A120E988D32}.Release|Any CPU.ActiveCfg = Release|Any CPU
		{C5C2093B-4322-49DF-94D4-0A120E988D32}.Release|Any CPU.Build.0 = Release|Any CPU
	EndGlobalSection
	GlobalSection(SolutionProperties) = preSolution
		HideSolutionNode = FALSE
	EndGlobalSection
	GlobalSection(ExtensibilityGlobals) = postSolution
		SolutionGuid = {A58A7ED2-C85B-45FC-A46E-E739D0F8D091}
	EndGlobalSection
EndGlobal
